{
  "nodes": {
    "kotlin-lsp": {
      "inputs": {
        "nixpkgs": [
          "nixpkgs"
        ]
      },
      "locked": {
        "lastModified": 1789580956,
        "narHash": "sha256-y7SHR/bXPSOOG4YlMbWv/h3iEOYo8cN9tWSgqY+MAes=",
        "owner": "itsyunaya",
        "repo": "kotlin-lsp-nix",
        "rev": "f6505b3564587adcb941b71f43049bbb12eeccfe",
        "type": "github"
      },
      "original": {
        "owner": "itsyunaya",
        "repo": "kotlin-lsp-nix",
        "type": "github"
      }
    },
    "nixpkgs": {
      "locked": {
        "lastModified": 1790149054,
        "narHash": "sha256-fcRceL4EcNlsCY2GWwzfIVrJyjbA2lpQSuljkc8UXOw=",
        "rev": "8825bebf6324e0579d012936eff73379af284b6d",
        "type": "tarball",
        "url": "https://releases.nixos.org/nixpkgs/nixpkgs-26.11pre1078395.8825bebf6324/nixexprs.tar.zst"
      },
      "original": {
        "type": "tarball",
        "url": "https://channels.nixos.org/nixpkgs-unstable/nixexprs.tar.zst"
      }
    },
    "root": {
      "inputs": {
        "kotlin-lsp": "kotlin-lsp",
        "nixpkgs": "nixpkgs"
      }
    }
  },
  "root": "root",
  "version": 7
}
